
Microsoft Visual Studio Solution File, Format Version 12.00
# Visual Studio Version 17
VisualStudioVersion = 17.2.32526.322
MinimumVisualStudioVersion = 10.0.40219.1
Project("{0E844E70-19BC-46E0-8831-93449944BF7C}") = "fmp-xtc-vrlobby-lib-mvcs", "fmp-xtc-vrlobby-lib-mvcs\fmp-xtc-vrlobby-lib-mvcs.csproj", "{29DED380-0CAA-4969-8341-27E51581E03B}"
EndProject
Project("{0E844E70-19BC-46E0-8831-93449944BF7C}") = "fmp-xtc-vrlobby-lib-mvcs_Test", "fmp-xtc-vrlobby-lib-mvcs_Test\fmp-xtc-vrlobby-lib-mvcs_Test.csproj", "{4DB8AA4D-CEE7-4684-B88E-00C01DB9F496}"
EndProject
Project("{0E844E70-19BC-46E0-8831-93449944BF7C}") = "fmp-xtc-vrlobby-lib-proto", "fmp-xtc-vrlobby-lib-proto\fmp-xtc-vrlobby-lib-proto.csproj", "{996E6FD4-7010-49EC-BEFF-F4648809FC86}"
EndProject
Project("{0E844E70-19BC-46E0-8831-93449944BF7C}") = "fmp-xtc-vrlobby-lib-bridge", "fmp-xtc-vrlobby-lib-bridge\fmp-xtc-vrlobby-lib-bridge.csproj", "{0C43CE41-6B7B-4911-8160-EAE90682AB6D}"
EndProject
Project("{0E844E70-19BC-46E0-8831-93449944BF7C}") = "fmp-xtc-vrlobby-lib-razor", "fmp-xtc-vrlobby-lib-razor\fmp-xtc-vrlobby-lib-razor.csproj", "{3D0145BC-FBF8-4593-9B08-BCF75DDA2ACA}"
EndProject
Project("{0E844E70-19BC-46E0-8831-93449944BF7C}") = "fmp-xtc-vrlobby-service-grpc", "fmp-xtc-vrlobby-service-grpc\fmp-xtc-vrlobby-service-grpc.csproj", "{E4E381BA-0F0F-4A76-B404-9F69C2C4737E}"
EndProject
Project("{0E844E70-19BC-46E0-8831-93449944BF7C}") = "fmp-xtc-vrlobby-service-grpc_Test", "fmp-xtc-vrlobby-service-grpc_Test\fmp-xtc-vrlobby-service-grpc_Test.csproj", "{F3633656-758E-467D-9C12-D5A7F34BCD30}"
EndProject
Project("{0E844E70-19BC-46E0-8831-93449944BF7C}") = "fmp-xtc-vrlobby-web-blazor", "fmp-xtc-vrlobby-web-blazor\fmp-xtc-vrlobby-web-blazor.csproj", "{A8039F76-3B75-425C-90D3-4F419C5B8D14}"
EndProject
Global
	GlobalSection(SolutionConfigurationPlatforms) = preSolution
		Debug|Any CPU = Debug|Any CPU
		Release|Any CPU = Release|Any CPU
	EndGlobalSection
	GlobalSection(ProjectConfigurationPlatforms) = postSolution
                {29DED380-0CAA-4969-8341-27E51581E03B}.Debug|Any CPU.ActiveCfg = Debug|Any CPU
		{29DED380-0CAA-4969-8341-27E51581E03B}.Debug|Any CPU.Build.0 = Debug|Any CPU
		{29DED380-0CAA-4969-8341-27E51581E03B}.Release|Any CPU.ActiveCfg = Release|Any CPU
		{29DED380-0CAA-4969-8341-27E51581E03B}.Release|Any CPU.Build.0 = Release|Any CPU
		{4DB8AA4D-CEE7-4684-B88E-00C01DB9F496}.Debug|Any CPU.ActiveCfg = Debug|Any CPU
		{4DB8AA4D-CEE7-4684-B88E-00C01DB9F496}.Debug|Any CPU.Build.0 = Debug|Any CPU
		{4DB8AA4D-CEE7-4684-B88E-00C01DB9F496}.Release|Any CPU.ActiveCfg = Release|Any CPU
		{4DB8AA4D-CEE7-4684-B88E-00C01DB9F496}.Release|Any CPU.Build.0 = Release|Any CPU
		{996E6FD4-7010-49EC-BEFF-F4648809FC86}.Debug|Any CPU.ActiveCfg = Debug|Any CPU
		{996E6FD4-7010-49EC-BEFF-F4648809FC86}.Debug|Any CPU.Build.0 = Debug|Any CPU
		{996E6FD4-7010-49EC-BEFF-F4648809FC86}.Release|Any CPU.ActiveCfg = Release|Any CPU
		{996E6FD4-7010-49EC-BEFF-F4648809FC86}.Release|Any CPU.Build.0 = Release|Any CPU
		{E4E381BA-0F0F-4A76-B404-9F69C2C4737E}.Debug|Any CPU.ActiveCfg = Debug|Any CPU
		{E4E381BA-0F0F-4A76-B404-9F69C2C4737E}.Debug|Any CPU.Build.0 = Debug|Any CPU
		{E4E381BA-0F0F-4A76-B404-9F69C2C4737E}.Release|Any CPU.ActiveCfg = Release|Any CPU
		{E4E381BA-0F0F-4A76-B404-9F69C2C4737E}.Release|Any CPU.Build.0 = Release|Any CPU
		{0C43CE41-6B7B-4911-8160-EAE90682AB6D}.Debug|Any CPU.ActiveCfg = Debug|Any CPU
		{0C43CE41-6B7B-4911-8160-EAE90682AB6D}.Debug|Any CPU.Build.0 = Debug|Any CPU
		{0C43CE41-6B7B-4911-8160-EAE90682AB6D}.Release|Any CPU.ActiveCfg = Release|Any CPU
		{0C43CE41-6B7B-4911-8160-EAE90682AB6D}.Release|Any CPU.Build.0 = Release|Any CPU
		{A8039F76-3B75-425C-90D3-4F419C5B8D14}.Debug|Any CPU.ActiveCfg = Debug|Any CPU
		{A8039F76-3B75-425C-90D3-4F419C5B8D14}.Debug|Any CPU.Build.0 = Debug|Any CPU
		{A8039F76-3B75-425C-90D3-4F419C5B8D14}.Release|Any CPU.ActiveCfg = Release|Any CPU
		{A8039F76-3B75-425C-90D3-4F419C5B8D14}.Release|Any CPU.Build.0 = Release|Any CPU
		{3D0145BC-FBF8-4593-9B08-BCF75DDA2ACA}.Debug|Any CPU.ActiveCfg = Debug|Any CPU
		{3D0145BC-FBF8-4593-9B08-BCF75DDA2ACA}.Debug|Any CPU.Build.0 = Debug|Any CPU
		{3D0145BC-FBF8-4593-9B08-BCF75DDA2ACA}.Release|Any CPU.ActiveCfg = Release|Any CPU
		{3D0145BC-FBF8-4593-9B08-BCF75DDA2ACA}.Release|Any CPU.Build.0 = Release|Any CPU
		{F3633656-758E-467D-9C12-D5A7F34BCD30}.Debug|Any CPU.ActiveCfg = Debug|Any CPU
		{F3633656-758E-467D-9C12-D5A7F34BCD30}.Debug|Any CPU.Build.0 = Debug|Any CPU
		{F3633656-758E-467D-9C12-D5A7F34BCD30}.Release|Any CPU.ActiveCfg = Release|Any CPU
		{F3633656-758E-467D-9C12-D5A7F34BCD30}.Release|Any CPU.Build.0 = Release|Any CPU
	EndGlobalSection
	GlobalSection(SolutionProperties) = preSolution
		HideSolutionNode = FALSE
	EndGlobalSection
	GlobalSection(ExtensibilityGlobals) = postSolution
		SolutionGuid = {0E844E70-19BC-46E0-8831-93449944BF7C}
	EndGlobalSection
EndGlobal
